github.com/Sirupsen/logrus v0.8.4-0.20150707180735-07d998d174c4 h1:Z1Jivdf72rDd5suR9VbYFX22mdAtNK1mxsWC8OlEBCY=
github.com/Sirupsen/logrus v0.8.4-0.20150707180735-07d998d174c4/go.mod h1:rmk17hk6i8ZSAJkSDa7nOxamrG+SP4P0mm+DAvExv4U=
github.com/codegangsta/cli v1.18.1-0.20161006035353-55f715e28c46 h1:ifQmIWyXkhokq2y25GESe7wPnz2a5dXmLxNPVJhNCig=
github.com/codegangsta/cli v1.18.1-0.20161006035353-55f715e28c46/go.mod h1:/qJNoX69yVSKu5o4jLyXAENLRyk1uhi7zkbQ3slBdOA=
github.com/davecgh/go-spew v1.1.0/go.mod h1:J7Y8YcW2NihsgmVo/mv3lAwl/skON4iLHjSsI+c5H38=
github.com/davecgh/go-spew v1.1.1 h1:vj9j/u1bqnvCEfJOwUhtlOARqs3+rkHYY13jYWTU97c=
github.com/davecgh/go-spew v1.1.1/go.mod h1:J7Y8YcW2NihsgmVo/mv3lAwl/skON4iLHjSsI+c5H38=
github.com/golang/gddo v0.0.0-20150716060650-eb1f515e0b6c h1:tDVui7WCM7WaQV+XefOGEBk7wXf//EJkv1gJg5P1NtU=
github.com/golang/gddo v0.0.0-20150716060650-eb1f515e0b6c/go.mod h1:xEhNfoBDX1hzLm2Nf80qUvZ2sVwoMZ8d6IE2SrsQfh4=
github.com/gorilla/context v0.0.0-20141217160251-215affda49ad h1:wJwKN6X6iRRVnjdBgrkWjhBOvYm7yw5boqXwFUnBtbE=
github.com/gorilla/context v0.0.0-20141217160251-215affda49ad/go.mod h1:kBGZzfjB9CEq2AlWe17Uuf7NDRt0dE0s8S51q0aT7Yg=
github.com/gorilla/mux v0.0.0-20150716173948-104068abd5cf h1:LROJM8RSqlxIfnX6GWL/8/E1opNp4d1aLQ1fVY9iLYc=
github.com/gorilla/mux v0.0.0-20150716173948-104068abd5cf/go.mod h1:1lud6UwP+6orDFRuTfBEV8e9/aOM/c4fVVCaMa2zaAs=
github.com/gorilla/websocket v1.0.1-0.20160912153041-2d1e4548da23 h1:ncKzYWCq1nUIOQ51E6m7Kr6cgGktr9MIq0+T9L3c1QE=
github.com/gorilla/websocket v1.0.1-0.20160912153041-2d1e4548da23/go.mod h1:E7qHFY5m1UJ88s3WnNqhKjPHQ0heANvMoAMk2YaljkQ=
github.com/juju/ratelimit v0.0.0-20170523012141-5b9ff8664717 h1:gfrLWZBU8a+vr2wQZWR9ctEm3syl1A7QIN9O2p7lZ/4=
github.com/juju/ratelimit v0.0.0-20170523012141-5b9ff8664717/go.mod h1:qapgC/Gy+xNh9UxzV13HGGl/6UXNN+ct+vwSgWNm/qk=
github.com/kr/pretty v0.2.1 h1:Fmg33tUaq4/8ym9TJN1x7sLJnHVwhP33CNkpYV/7rwI=
github.com/kr/pretty v0.2.1/go.mod h1:ipq/a2n7PKx3OHsz4KJII5eveXtPO4qwEXGdVfWzfnI=
github.com/kr/pty v1.1.1/go.mod h1:pFQYn66WHrOpPYNljwOMqo10TkYh1fy3cYio2l3bCsQ=
github.com/kr/text v0.1.0 h1:45sCR5RtlFHMR4UwH9sdQ5TC8v0qDQCHnXt+kaKSTVE=
github.com/kr/text v0.1.0/go.mod h1:4Jbv+DJW3UT/LiOwJeYQe1efqtUx/iVham/4vfdArNI=
github.com/mitchellh/mapstructure v0.0.0-20161006233902-a6ef2f080c66 h1:uGH/s2cV97PFlmsWqDoWdbdhdTdwavE+uF9V9fNaN10=
github.com/mitchellh/mapstructure v0.0.0-20161006233902-a6ef2f080c66/go.mod h1:FVVH3fgwuzCH5S8UJGiWEs2h04kUh9fWfEaFds41c1Y=
github.com/pkg/errors v0.8.1-0.20161002052512-839d9e913e06 h1:swlfMC08lNw0gC4UR7Xz9id7JZ3K+I1oEehKgRL399U=
github.com/pkg/errors v0.8.1-0.20161002052512-839d9e913e06/go.mod h1:bwawxfHBFNV+L2hUp1rHADufV3IMtnDRdf1r5NINEl0=
github.com/pmezard/go-difflib v1.0.0 h1:4DBwDE0NGyQoBHbLQYPwSUPoCMWR5BEzIk/f1lZbAQM=
github.com/pmezard/go-difflib v1.0.0/go.mod h1:iKH77koFhYxTK1pcRnkKkqfTogsbg7gZNVY4sRDYZ/4=
github.com/rancher/event-subscriber v0.0.0-20170627155511-cdcd1659ec46 h1:inMOljSiI2NW398B1p0eL2Zyu4uQ0BeFLdhxsgZTZXk=
github.com/rancher/event-subscriber v0.0.0-20170627155511-cdcd1659ec46/go.mod h1:1wkzrhnno7qXfva5hUl+2UCYvV8R/NPkZCOZmjn9mrU=
github.com/rancher/go-rancher v0.1.1-0.20161004044456-f0378de1178a h1:cH3n//uB3iZsqTpRjA9NGnJpE9NO70YXEL+1d3fwijs=
github.com/rancher/go-rancher v0.1.1-0.20161004044456-f0378de1178a/go.mod h1:7oQvGNiJsGvrUgB+7AH8bmdzuR0uhULfwKb43Ht0hUk=
github.com/rancher/log v0.1.0-u2 h1:Ms17N1nHhfS103/IVw3reTX1n27TRoTghyGRglvXiL4=
github.com/rancher/log v0.1.0-u2/go.mod h1:HzDw5KzQ4jP7jjQ6V7IdMPCsIyTt8D7DS8AenrdX7wg=
github.com/rancher/rancher-metadata v0.10.4 h1:neyde7HRslaO6G+4HOl2hDa9jLgz4m2NDHXFZdH6cnM=
github.com/rancher/rancher-metadata v0.10.4/go.mod h1:MmmKi6z+Lm+b/xfHrRTVB39II8P5GyqZJ2LAz/Pcyc0=
github.com/satori/go.uuid v1.1.1-0.20170321230731-5bf94b69c6b6 h1:oZag5hylqWwZrDdj/laMwWQnXaeWBQf66qm4PGQI6Wc=
github.com/satori/go.uuid v1.1.1-0.20170321230731-5bf94b69c6b6/go.mod h1:dA0hQrYB0VpLJoorglMZABFdXlWrHn1NEOzdhQKdks0=
github.com/stretchr/objx v0.1.0/go.mod h1:HFkY916IF+rwdDfMAkV7OtwuqBVzrE8GR6GFx+wExME=
github.com/stretchr/objx v0.4.0/go.mod h1:YvHI0jy2hoMjB+UWwv71VJQ9isScKT/TqJzVSSt89Yw=
github.com/stretchr/testify v1.7.1/go.mod h1:6Fq8oRcR53rry900zMqJjRRixrwX3KX962/h/Wwjteg=
github.com/stretchr/testify v1.7.5 h1:s5PTfem8p8EbKQOctVV53k6jCJt3UX4IEJzwh+C324Q=
github.com/stretchr/testify v1.7.5/go.mod h1:yNjHg4UonilssWZ8iaSj1OCr/vHnekPRkoO+kdMU+MU=
github.com/ugorji/go v0.0.0-20170215201144-c88ee250d022 h1:wIYK3i9zY6ZBcWw4GFvoPVwtb45iEm8KyOVmDhSLvsE=
github.com/ugorji/go v0.0.0-20170215201144-c88ee250d022/go.mod h1:hnLbHMwcvSihnDhEfx2/BzKp2xb0Y+ErdfYcrs9tkJQ=
gopkg.in/check.v1 v0.0.0-20161208181325-20d25e280405/go.mod h1:Co6ibVJAznAaIkqp8huTwlJQCZ016jof/cbN4VW5Yz0=
gopkg.in/check.v1 v1.0.0-20201130134442-10cb98267c6c h1:Hei/4ADfdWqJk1ZMxUNpqntNwaWcugrBjAiHlqqRiVk=
gopkg.in/check.v1 v1.0.0-20201130134442-10cb98267c6c/go.mod h1:JHkPIbrfpd72SG/EVd6muEfDQjcINNoR0C8j2r3qZ4Q=
gopkg.in/yaml.v2 v2.4.0 h1:D8xgwECY7CYvx+Y2n4sBz93Jn9JRvxdiyyo8CTfuKaY=
gopkg.in/yaml.v2 v2.4.0/go.mod h1:RDklbk79AGWmwhnvt/jBztapEOGDOx6ZbXqjP6csGnQ=
gopkg.in/yaml.v3 v3.0.0-20200313102051-9f266ea9e77c/go.mod h1:K4uyk7z7BCEPqu6E+C64Yfv1cQ7kz7rIZviUmN+EgEM=
gopkg.in/yaml.v3 v3.0.1 h1:fxVm/GzAzEWqLHuvctI91KS9hhNmmWOoWu0XTYJS7CA=
gopkg.in/yaml.v3 v3.0.1/go.mod h1:K4uyk7z7BCEPqu6E+C64Yfv1cQ7kz7rIZviUmN+EgEM=
